
Microsoft Visual Studio Solution File, Format Version 12.00
# Visual Studio Version 17
VisualStudioVersion = 17.3.32819.101
MinimumVisualStudioVersion = 10.0.40219.1
Project("{9A19103F-16F7-4668-BE54-9A1E7A4F7556}") = "Runtime", "Runtime\Runtime.csproj", "{01D95019-F7BF-487E-BE8B-17CFE88B633B}"
EndProject
Project("{9A19103F-16F7-4668-BE54-9A1E7A4F7556}") = "SqlLiteDataAccess", "SqlLiteDataAccess\SqlLiteDataAccess.csproj", "{F6C3DE9C-3999-4F6B-BE97-0B615595BD95}"
EndProject
Project("{9A19103F-16F7-4668-BE54-9A1E7A4F7556}") = "MoneyEntity", "MoneyEntity\MoneyEntity.csproj", "{F111B0EE-7688-4D55-93EE-F041490F24DD}"
EndProject
Project("{9A19103F-16F7-4668-BE54-9A1E7A4F7556}") = "MoneyEntity.Logic", "MoneyEntity.Logic\MoneyEntity.Logic.csproj", "{2BDAB686-5EC4-4412-A8C0-E0A743EB42BA}"
EndProject
Project("{9A19103F-16F7-4668-BE54-9A1E7A4F7556}") = "DataAccess.Abstractions", "..\..\Sga\DataAccess\DataAccess.Abstractions\DataAccess.Abstractions.csproj", "{89C17B92-875E-4747-AB91-03433E5EB91D}"
EndProject
Project("{9A19103F-16F7-4668-BE54-9A1E7A4F7556}") = "DataAccess.EFCore", "..\..\Sga\DataAccess\DataAccess.EFCore\DataAccess.EFCore.csproj", "{6A26B50F-0DEA-458F-8AA1-D2357201BC58}"
EndProject
Project("{9A19103F-16F7-4668-BE54-9A1E7A4F7556}") = "DataAccess.SqlLite", "..\..\Sga\DataAccess\DataAccess.SqlLite\DataAccess.SqlLite.csproj", "{4B73F506-0E00-47F2-93D9-C3A0541A9907}"
EndProject
Project("{9A19103F-16F7-4668-BE54-9A1E7A4F7556}") = "GoogleSheet.Abstractions", "..\..\Sga\GoogleSheet\GoogleSheet.Abstractions\GoogleSheet.Abstractions.csproj", "{A6CFE22D-01E3-4688-B4C7-9FE3F6DBA39E}"
EndProject
Project("{9A19103F-16F7-4668-BE54-9A1E7A4F7556}") = "GoogleSheet.Core", "..\..\Sga\GoogleSheet\GoogleSheet.Core\GoogleSheet.Core.csproj", "{F121505A-28AA-41DF-9E39-09483932C707}"
EndProject
Project("{9A19103F-16F7-4668-BE54-9A1E7A4F7556}") = "Integrators.Abstractions", "..\..\Sga\Integrators\Integrators.Abstractions\Integrators.Abstractions.csproj", "{DB78F6E5-C705-4F97-A6AA-65BFB2F8CB70}"
EndProject
Project("{9A19103F-16F7-4668-BE54-9A1E7A4F7556}") = "Integrators.Core", "..\..\Sga\Integrators\Integrators.Core\Integrators.Core.csproj", "{31F96988-8CC5-4550-9F12-06391B28DD37}"
EndProject
Project("{9A19103F-16F7-4668-BE54-9A1E7A4F7556}") = "Integrators.Dispatcher", "..\..\Sga\Integrators\Integrators.Dispatcher\Integrators.Dispatcher.csproj", "{04B12727-CFAD-4C4B-8338-CA4709A8DB9A}"
EndProject
Project("{9A19103F-16F7-4668-BE54-9A1E7A4F7556}") = "TgBot.Abstractions", "..\..\Sga\Telegram\TgBot.Abstractions\TgBot.Abstractions.csproj", "{67C05A29-CCDD-41E6-BCDD-BCED0971BC35}"
EndProject
Project("{9A19103F-16F7-4668-BE54-9A1E7A4F7556}") = "TgBot.DataSphere", "..\..\Sga\Telegram\TgBot.DataSphere\TgBot.DataSphere.csproj", "{A3EA121F-D098-43EA-989B-FE5C79A38FA3}"
EndProject
Global
	GlobalSection(SolutionConfigurationPlatforms) = preSolution
		Debug|Any CPU = Debug|Any CPU
		Release|Any CPU = Release|Any CPU
	EndGlobalSection
	GlobalSection(ProjectConfigurationPlatforms) = postSolution
		{01D95019-F7BF-487E-BE8B-17CFE88B633B}.Debug|Any CPU.ActiveCfg = Debug|Any CPU
		{01D95019-F7BF-487E-BE8B-17CFE88B633B}.Debug|Any CPU.Build.0 = Debug|Any CPU
		{01D95019-F7BF-487E-BE8B-17CFE88B633B}.Release|Any CPU.ActiveCfg = Release|Any CPU
		{01D95019-F7BF-487E-BE8B-17CFE88B633B}.Release|Any CPU.Build.0 = Release|Any CPU
		{F6C3DE9C-3999-4F6B-BE97-0B615595BD95}.Debug|Any CPU.ActiveCfg = Debug|Any CPU
		{F6C3DE9C-3999-4F6B-BE97-0B615595BD95}.Debug|Any CPU.Build.0 = Debug|Any CPU
		{F6C3DE9C-3999-4F6B-BE97-0B615595BD95}.Release|Any CPU.ActiveCfg = Release|Any CPU
		{F6C3DE9C-3999-4F6B-BE97-0B615595BD95}.Release|Any CPU.Build.0 = Release|Any CPU
		{F111B0EE-7688-4D55-93EE-F041490F24DD}.Debug|Any CPU.ActiveCfg = Debug|Any CPU
		{F111B0EE-7688-4D55-93EE-F041490F24DD}.Debug|Any CPU.Build.0 = Debug|Any CPU
		{F111B0EE-7688-4D55-93EE-F041490F24DD}.Release|Any CPU.ActiveCfg = Release|Any CPU
		{F111B0EE-7688-4D55-93EE-F041490F24DD}.Release|Any CPU.Build.0 = Release|Any CPU
		{2BDAB686-5EC4-4412-A8C0-E0A743EB42BA}.Debug|Any CPU.ActiveCfg = Debug|Any CPU
		{2BDAB686-5EC4-4412-A8C0-E0A743EB42BA}.Debug|Any CPU.Build.0 = Debug|Any CPU
		{2BDAB686-5EC4-4412-A8C0-E0A743EB42BA}.Release|Any CPU.ActiveCfg = Release|Any CPU
		{2BDAB686-5EC4-4412-A8C0-E0A743EB42BA}.Release|Any CPU.Build.0 = Release|Any CPU
		{89C17B92-875E-4747-AB91-03433E5EB91D}.Debug|Any CPU.ActiveCfg = Debug|Any CPU
		{89C17B92-875E-4747-AB91-03433E5EB91D}.Debug|Any CPU.Build.0 = Debug|Any CPU
		{89C17B92-875E-4747-AB91-03433E5EB91D}.Release|Any CPU.ActiveCfg = Release|Any CPU
		{89C17B92-875E-4747-AB91-03433E5EB91D}.Release|Any CPU.Build.0 = Release|Any CPU
		{6A26B50F-0DEA-458F-8AA1-D2357201BC58}.Debug|Any CPU.ActiveCfg = Debug|Any CPU
		{6A26B50F-0DEA-458F-8AA1-D2357201BC58}.Debug|Any CPU.Build.0 = Debug|Any CPU
		{6A26B50F-0DEA-458F-8AA1-D2357201BC58}.Release|Any CPU.ActiveCfg = Release|Any CPU
		{6A26B50F-0DEA-458F-8AA1-D2357201BC58}.Release|Any CPU.Build.0 = Release|Any CPU
		{4B73F506-0E00-47F2-93D9-C3A0541A9907}.Debug|Any CPU.ActiveCfg = Debug|Any CPU
		{4B73F506-0E00-47F2-93D9-C3A0541A9907}.Debug|Any CPU.Build.0 = Debug|Any CPU
		{4B73F506-0E00-47F2-93D9-C3A0541A9907}.Release|Any CPU.ActiveCfg = Release|Any CPU
		{4B73F506-0E00-47F2-93D9-C3A0541A9907}.Release|Any CPU.Build.0 = Release|Any CPU
		{A6CFE22D-01E3-4688-B4C7-9FE3F6DBA39E}.Debug|Any CPU.ActiveCfg = Debug|Any CPU
		{A6CFE22D-01E3-4688-B4C7-9FE3F6DBA39E}.Debug|Any CPU.Build.0 = Debug|Any CPU
		{A6CFE22D-01E3-4688-B4C7-9FE3F6DBA39E}.Release|Any CPU.ActiveCfg = Release|Any CPU
		{A6CFE22D-01E3-4688-B4C7-9FE3F6DBA39E}.Release|Any CPU.Build.0 = Release|Any CPU
		{F121505A-28AA-41DF-9E39-09483932C707}.Debug|Any CPU.ActiveCfg = Debug|Any CPU
		{F121505A-28AA-41DF-9E39-09483932C707}.Debug|Any CPU.Build.0 = Debug|Any CPU
		{F121505A-28AA-41DF-9E39-09483932C707}.Release|Any CPU.ActiveCfg = Release|Any CPU
		{F121505A-28AA-41DF-9E39-09483932C707}.Release|Any CPU.Build.0 = Release|Any CPU
		{DB78F6E5-C705-4F97-A6AA-65BFB2F8CB70}.Debug|Any CPU.ActiveCfg = Debug|Any CPU
		{DB78F6E5-C705-4F97-A6AA-65BFB2F8CB70}.Debug|Any CPU.Build.0 = Debug|Any CPU
		{DB78F6E5-C705-4F97-A6AA-65BFB2F8CB70}.Release|Any CPU.ActiveCfg = Release|Any CPU
		{DB78F6E5-C705-4F97-A6AA-65BFB2F8CB70}.Release|Any CPU.Build.0 = Release|Any CPU
		{31F96988-8CC5-4550-9F12-06391B28DD37}.Debug|Any CPU.ActiveCfg = Debug|Any CPU
		{31F96988-8CC5-4550-9F12-06391B28DD37}.Debug|Any CPU.Build.0 = Debug|Any CPU
		{31F96988-8CC5-4550-9F12-06391B28DD37}.Release|Any CPU.ActiveCfg = Release|Any CPU
		{31F96988-8CC5-4550-9F12-06391B28DD37}.Release|Any CPU.Build.0 = Release|Any CPU
		{04B12727-CFAD-4C4B-8338-CA4709A8DB9A}.Debug|Any CPU.ActiveCfg = Debug|Any CPU
		{04B12727-CFAD-4C4B-8338-CA4709A8DB9A}.Debug|Any CPU.Build.0 = Debug|Any CPU
		{04B12727-CFAD-4C4B-8338-CA4709A8DB9A}.Release|Any CPU.ActiveCfg = Release|Any CPU
		{04B12727-CFAD-4C4B-8338-CA4709A8DB9A}.Release|Any CPU.Build.0 = Release|Any CPU
		{67C05A29-CCDD-41E6-BCDD-BCED0971BC35}.Debug|Any CPU.ActiveCfg = Debug|Any CPU
		{67C05A29-CCDD-41E6-BCDD-BCED0971BC35}.Debug|Any CPU.Build.0 = Debug|Any CPU
		{67C05A29-CCDD-41E6-BCDD-BCED0971BC35}.Release|Any CPU.ActiveCfg = Release|Any CPU
		{67C05A29-CCDD-41E6-BCDD-BCED0971BC35}.Release|Any CPU.Build.0 = Release|Any CPU
		{A3EA121F-D098-43EA-989B-FE5C79A38FA3}.Debug|Any CPU.ActiveCfg = Debug|Any CPU
		{A3EA121F-D098-43EA-989B-FE5C79A38FA3}.Debug|Any CPU.Build.0 = Debug|Any CPU
		{A3EA121F-D098-43EA-989B-FE5C79A38FA3}.Release|Any CPU.ActiveCfg = Release|Any CPU
		{A3EA121F-D098-43EA-989B-FE5C79A38FA3}.Release|Any CPU.Build.0 = Release|Any CPU
	EndGlobalSection
	GlobalSection(SolutionProperties) = preSolution
		HideSolutionNode = FALSE
	EndGlobalSection
	GlobalSection(ExtensibilityGlobals) = postSolution
		SolutionGuid = {6C96872D-F051-496C-9906-DE5AD11F91B6}
	EndGlobalSection
EndGlobal
